PODS:
  - Mapfit (1.2):
    - Tetragon-mobile
  - Tetragon-mobile (1.3)

DEPENDENCIES:
  - Mapfit (from `../`)

EXTERNAL SOURCES:
  Mapfit:
    :path: ../

SPEC CHECKSUMS:
  Mapfit: a6849ce9a68eede410a52fda34ae7163083821de
  Tetragon-mobile: 8688ec1fc033429f2f680acbe9e49396b8247b3c

PODFILE CHECKSUM: b76bf0c1df657da674b3e190c20110588699af55

COCOAPODS: 1.4.0
